
Microsoft Visual Studio Solution File, Format Version 12.00
# Visual Studio Version 17
VisualStudioVersion = 17.3.32811.315
MinimumVisualStudioVersion = 10.0.40219.1
Project("{9A19103F-16F7-4668-BE54-9A1E7A4F7556}") = "Rational", "Rational\Rational.csproj", "{829DE68E-B6E2-4C11-935D-3A81F1F93A89}"
EndProject
Project("{FAE04EC0-301F-11D3-BF4B-00C04F79EFBC}") = "TestRational", "TestRational\TestRational.csproj", "{105E5665-4606-4B4D-B949-B76EAF94D46E}"
EndProject
Global
	GlobalSection(SolutionConfigurationPlatforms) = preSolution
		Debug|Any CPU = Debug|Any CPU
		Release|Any CPU = Release|Any CPU
	EndGlobalSection
	GlobalSection(ProjectConfigurationPlatforms) = postSolution
		{829DE68E-B6E2-4C11-935D-3A81F1F93A89}.Debug|Any CPU.ActiveCfg = Debug|Any CPU
		{829DE68E-B6E2-4C11-935D-3A81F1F93A89}.Debug|Any CPU.Build.0 = Debug|Any CPU
		{829DE68E-B6E2-4C11-935D-3A81F1F93A89}.Release|Any CPU.ActiveCfg = Release|Any CPU
		{829DE68E-B6E2-4C11-935D-3A81F1F93A89}.Release|Any CPU.Build.0 = Release|Any CPU
		{105E5665-4606-4B4D-B949-B76EAF94D46E}.Debug|Any CPU.ActiveCfg = Debug|Any CPU
		{105E5665-4606-4B4D-B949-B76EAF94D46E}.Debug|Any CPU.Build.0 = Debug|Any CPU
		{105E5665-4606-4B4D-B949-B76EAF94D46E}.Release|Any CPU.ActiveCfg = Release|Any CPU
		{105E5665-4606-4B4D-B949-B76EAF94D46E}.Release|Any CPU.Build.0 = Release|Any CPU
	EndGlobalSection
	GlobalSection(SolutionProperties) = preSolution
		HideSolutionNode = FALSE
	EndGlobalSection
	GlobalSection(ExtensibilityGlobals) = postSolution
		SolutionGuid = {B3819CB6-7F83-4B45-B476-646DE660D593}
	EndGlobalSection
EndGlobal
